// !$*UTF8*$!
{
	archiveVersion = 1;
	classes = {
	};
	objectVersion = 50;
	objects = {

/* Begin PBXBuildFile section */
		940F6B8324AA2A0C00E8A5C2 /* GeometricShapeViewController.swift in Sources */ = {isa = PBXBuildFile; fileRef = 940F6B8124AA2A0C00E8A5C2 /* GeometricShapeViewController.swift */; };
		940F6B8424AA2A0C00E8A5C2 /* GeometricShapeViewController.xib in Resources */ = {isa = PBXBuildFile; fileRef = 940F6B8224AA2A0C00E8A5C2 /* GeometricShapeViewController.xib */; };
		940F6B8624AA2C9F00E8A5C2 /* GeometricShapePresenter.swift in Sources */ = {isa = PBXBuildFile; fileRef = 940F6B8524AA2C9F00E8A5C2 /* GeometricShapePresenter.swift */; };
		940F6B8A24AA3CA500E8A5C2 /* UIViewExtension.swift in Sources */ = {isa = PBXBuildFile; fileRef = 940F6B8924AA3CA500E8A5C2 /* UIViewExtension.swift */; };
		940F6B8D24AA3D9D00E8A5C2 /* ScreenShotViewController.swift in Sources */ = {isa = PBXBuildFile; fileRef = 940F6B8B24AA3D9D00E8A5C2 /* ScreenShotViewController.swift */; };
		940F6B8E24AA3D9D00E8A5C2 /* ScreenShotViewController.xib in Resources */ = {isa = PBXBuildFile; fileRef = 940F6B8C24AA3D9D00E8A5C2 /* ScreenShotViewController.xib */; };
		948DDA33247C418A0065CF94 /* AppDelegate.swift in Sources */ = {isa = PBXBuildFile; fileRef = 948DDA32247C418A0065CF94 /* AppDelegate.swift */; };
		948DDA3C247C418B0065CF94 /* Assets.xcassets in Resources */ = {isa = PBXBuildFile; fileRef = 948DDA3B247C418B0065CF94 /* Assets.xcassets */; };
		948DDA3F247C418B0065CF94 /* LaunchScreen.storyboard in Resources */ = {isa = PBXBuildFile; fileRef = 948DDA3D247C418B0065CF94 /* LaunchScreen.storyboard */; };
		948DDA47247C45AC0065CF94 /* ShapeView.swift in Sources */ = {isa = PBXBuildFile; fileRef = 948DDA46247C45AC0065CF94 /* ShapeView.swift */; };
/* End PBXBuildFile section */

/* Begin PBXFileReference section */
		940F6B8124AA2A0C00E8A5C2 /* GeometricShapeViewController.swift */ = {isa = PBXFileReference; lastKnownFileType = sourcecode.swift; path = GeometricShapeViewController.swift; sourceTree = "<group>"; };
		940F6B8224AA2A0C00E8A5C2 /* GeometricShapeViewController.xib */ = {isa = PBXFileReference; lastKnownFileType = file.xib; path = GeometricShapeViewController.xib; sourceTree = "<group>"; };
		940F6B8524AA2C9F00E8A5C2 /* GeometricShapePresenter.swift */ = {isa = PBXFileReference; lastKnownFileType = sourcecode.swift; path = GeometricShapePresenter.swift; sourceTree = "<group>"; };
		940F6B8924AA3CA500E8A5C2 /* UIViewExtension.swift */ = {isa = PBXFileReference; lastKnownFileType = sourcecode.swift; path = UIViewExtension.swift; sourceTree = "<group>"; };
		940F6B8B24AA3D9D00E8A5C2 /* ScreenShotViewController.swift */ = {isa = PBXFileReference; lastKnownFileType = sourcecode.swift; path = ScreenShotViewController.swift; sourceTree = "<group>"; };
		940F6B8C24AA3D9D00E8A5C2 /* ScreenShotViewController.xib */ = {isa = PBXFileReference; lastKnownFileType = file.xib; path = ScreenShotViewController.xib; sourceTree = "<group>"; };
		948DDA2F247C418A0065CF94 /* GemoetricShapes.app */ = {isa = PBXFileReference; explicitFileType = wrapper.application; includeInIndex = 0; path = GemoetricShapes.app; sourceTree = BUILT_PRODUCTS_DIR; };
		948DDA32247C418A0065CF94 /* AppDelegate.swift */ = {isa = PBXFileReference; lastKnownFileType = sourcecode.swift; path = AppDelegate.swift; sourceTree = "<group>"; };
		948DDA3B247C418B0065CF94 /* Assets.xcassets */ = {isa = PBXFileReference; lastKnownFileType = folder.assetcatalog; path = Assets.xcassets; sourceTree = "<group>"; };
		948DDA3E247C418B0065CF94 /* Base */ = {isa = PBXFileReference; lastKnownFileType = file.storyboard; name = Base; path = Base.lproj/LaunchScreen.storyboard; sourceTree = "<group>"; };
		948DDA40247C418B0065CF94 /* Info.plist */ = {isa = PBXFileReference; lastKnownFileType = text.plist.xml; path = Info.plist; sourceTree = "<group>"; };
		948DDA46247C45AC0065CF94 /* ShapeView.swift */ = {isa = PBXFileReference; lastKnownFileType = sourcecode.swift; path = ShapeView.swift; sourceTree = "<group>"; };
/* End PBXFileReference section */

/* Begin PBXFrameworksBuildPhase section */
		948DDA2C247C418A0065CF94 /* Frameworks */ = {
			isa = PBXFrameworksBuildPhase;
			buildActionMask = 2147483647;
			files = (
			);
			runOnlyForDeploymentPostprocessing = 0;
		};
/* End PBXFrameworksBuildPhase section */

/* Begin PBXGroup section */
		940F6B7C24AA28A600E8A5C2 /* Extension */ = {
			isa = PBXGroup;
			children = (
				940F6B8924AA3CA500E8A5C2 /* UIViewExtension.swift */,
			);
			path = Extension;
			sourceTree = "<group>";
		};
		940F6B7D24AA28AE00E8A5C2 /* UI */ = {
			isa = PBXGroup;
			children = (
				940F6B8824AA392A00E8A5C2 /* Views */,
			);
			path = UI;
			sourceTree = "<group>";
		};
		940F6B7E24AA28B400E8A5C2 /* Model */ = {
			isa = PBXGroup;
			children = (
			);
			path = Model;
			sourceTree = "<group>";
		};
		940F6B7F24AA28B900E8A5C2 /* View */ = {
			isa = PBXGroup;
			children = (
				940F6B9024AA439500E8A5C2 /* Screenshot */,
				940F6B8F24AA438D00E8A5C2 /* GeometricShape */,
			);
			path = View;
			sourceTree = "<group>";
		};
		940F6B8024AA28BD00E8A5C2 /* Presenter */ = {
			isa = PBXGroup;
			children = (
				940F6B8524AA2C9F00E8A5C2 /* GeometricShapePresenter.swift */,
			);
			path = Presenter;
			sourceTree = "<group>";
		};
		940F6B8724AA390900E8A5C2 /* Resource */ = {
			isa = PBXGroup;
			children = (
				948DDA3B247C418B0065CF94 /* Assets.xcassets */,
			);
			path = Resource;
			sourceTree = "<group>";
		};
		940F6B8824AA392A00E8A5C2 /* Views */ = {
			isa = PBXGroup;
			children = (
				948DDA46247C45AC0065CF94 /* ShapeView.swift */,
			);
			path = Views;
			sourceTree = "<group>";
		};
		940F6B8F24AA438D00E8A5C2 /* GeometricShape */ = {
			isa = PBXGroup;
			children = (
				940F6B8124AA2A0C00E8A5C2 /* GeometricShapeViewController.swift */,
				940F6B8224AA2A0C00E8A5C2 /* GeometricShapeViewController.xib */,
			);
			path = GeometricShape;
			sourceTree = "<group>";
		};
		940F6B9024AA439500E8A5C2 /* Screenshot */ = {
			isa = PBXGroup;
			children = (
				940F6B8B24AA3D9D00E8A5C2 /* ScreenShotViewController.swift */,
				940F6B8C24AA3D9D00E8A5C2 /* ScreenShotViewController.xib */,
			);
			path = Screenshot;
			sourceTree = "<group>";
		};
		948DDA26247C418A0065CF94 = {
			isa = PBXGroup;
			children = (
				948DDA31247C418A0065CF94 /* GemoetricShapes */,
				948DDA30247C418A0065CF94 /* Products */,
			);
			sourceTree = "<group>";
		};
		948DDA30247C418A0065CF94 /* Products */ = {
			isa = PBXGroup;
			children = (
				948DDA2F247C418A0065CF94 /* GemoetricShapes.app */,
			);
			name = Products;
			sourceTree = "<group>";
		};
		948DDA31247C418A0065CF94 /* GemoetricShapes */ = {
			isa = PBXGroup;
			children = (
				940F6B8724AA390900E8A5C2 /* Resource */,
				940F6B8024AA28BD00E8A5C2 /* Presenter */,
				940F6B7F24AA28B900E8A5C2 /* View */,
				940F6B7E24AA28B400E8A5C2 /* Model */,
				940F6B7D24AA28AE00E8A5C2 /* UI */,
				940F6B7C24AA28A600E8A5C2 /* Extension */,
				948DDA32247C418A0065CF94 /* AppDelegate.swift */,
				948DDA3D247C418B0065CF94 /* LaunchScreen.storyboard */,
				948DDA40247C418B0065CF94 /* Info.plist */,
			);
			path = GemoetricShapes;
			sourceTree = "<group>";
		};
/* End PBXGroup section */

/* Begin PBXNativeTarget section */
		948DDA2E247C418A0065CF94 /* GemoetricShapes */ = {
			isa = PBXNativeTarget;
			buildConfigurationList = 948DDA43247C418B0065CF94 /* Build configuration list for PBXNativeTarget "GemoetricShapes" */;
			buildPhases = (
				948DDA2B247C418A0065CF94 /* Sources */,
				948DDA2C247C418A0065CF94 /* Frameworks */,
				948DDA2D247C418A0065CF94 /* Resources */,
			);
			buildRules = (
			);
			dependencies = (
			);
			name = GemoetricShapes;
			productName = GemoetricShapes;
			productReference = 948DDA2F247C418A0065CF94 /* GemoetricShapes.app */;
			productType = "com.apple.product-type.application";
		};
/* End PBXNativeTarget section */

/* Begin PBXProject section */
		948DDA27247C418A0065CF94 /* Project object */ = {
			isa = PBXProject;
			attributes = {
				LastSwiftUpdateCheck = 1130;
				LastUpgradeCheck = 1130;
				ORGANIZATIONNAME = "Gabriel Monteiro Camargo da Silva - GCM";
				TargetAttributes = {
					948DDA2E247C418A0065CF94 = {
						CreatedOnToolsVersion = 11.3;
					};
				};
			};
			buildConfigurationList = 948DDA2A247C418A0065CF94 /* Build configuration list for PBXProject "GemoetricShapes" */;
			compatibilityVersion = "Xcode 9.3";
			developmentRegion = en;
			hasScannedForEncodings = 0;
			knownRegions = (
				en,
				Base,
			);
			mainGroup = 948DDA26247C418A0065CF94;
			productRefGroup = 948DDA30247C418A0065CF94 /* Products */;
			projectDirPath = "";
			projectRoot = "";
			targets = (
				948DDA2E247C418A0065CF94 /* GemoetricShapes */,
			);
		};
/* End PBXProject section */

/* Begin PBXResourcesBuildPhase section */
		948DDA2D247C418A0065CF94 /* Resources */ = {
			isa = PBXResourcesBuildPhase;
			buildActionMask = 2147483647;
			files = (
				940F6B8424AA2A0C00E8A5C2 /* GeometricShapeViewController.xib in Resources */,
				948DDA3F247C418B0065CF94 /* LaunchScreen.storyboard in Resources */,
				940F6B8E24AA3D9D00E8A5C2 /* ScreenShotViewController.xib in Resources */,
				948DDA3C247C418B0065CF94 /* Assets.xcassets in Resources */,
			);
			runOnlyForDeploymentPostprocessing = 0;
		};
/* End PBXResourcesBuildPhase section */

/* Begin PBXSourcesBuildPhase section */
		948DDA2B247C418A0065CF94 /* Sources */ = {
			isa = PBXSourcesBuildPhase;
			buildActionMask = 2147483647;
			files = (
				940F6B8A24AA3CA500E8A5C2 /* UIViewExtension.swift in Sources */,
				940F6B8324AA2A0C00E8A5C2 /* GeometricShapeViewController.swift in Sources */,
				948DDA33247C418A0065CF94 /* AppDelegate.swift in Sources */,
				940F6B8624AA2C9F00E8A5C2 /* GeometricShapePresenter.swift in Sources */,
				940F6B8D24AA3D9D00E8A5C2 /* ScreenShotViewController.swift in Sources */,
				948DDA47247C45AC0065CF94 /* ShapeView.swift in Sources */,
			);
			runOnlyForDeploymentPostprocessing = 0;
		};
/* End PBXSourcesBuildPhase section */

/* Begin PBXVariantGroup section */
		948DDA3D247C418B0065CF94 /* LaunchScreen.storyboard */ = {
			isa = PBXVariantGroup;
			children = (
				948DDA3E247C418B0065CF94 /* Base */,
			);
			name = LaunchScreen.storyboard;
			sourceTree = "<group>";
		};
/* End PBXVariantGroup section */

/* Begin XCBuildConfiguration section */
		948DDA41247C418B0065CF94 /* Debug */ = {
			isa = XCBuildConfiguration;
			buildSettings = {
				ALWAYS_SEARCH_USER_PATHS = NO;
				CLANG_ANALYZER_NONNULL = YES;
				CLANG_ANALYZER_NUMBER_OBJECT_CONVERSION = YES_AGGRESSIVE;
				CLANG_CXX_LANGUAGE_STANDARD = "gnu++14";
				CLANG_CXX_LIBRARY = "libc++";
				CLANG_ENABLE_MODULES = YES;
				CLANG_ENABLE_OBJC_ARC = YES;
				CLANG_ENABLE_OBJC_WEAK = YES;
				CLANG_WARN_BLOCK_CAPTURE_AUTORELEASING = YES;
				CLANG_WARN_BOOL_CONVERSION = YES;
				CLANG_WARN_COMMA = YES;
				CLANG_WARN_CONSTANT_CONVERSION = YES;
				CLANG_WARN_DEPRECATED_OBJC_IMPLEMENTATIONS = YES;
				CLANG_WARN_DIRECT_OBJC_ISA_USAGE = YES_ERROR;
				CLANG_WARN_DOCUMENTATION_COMMENTS = YES;
				CLANG_WARN_EMPTY_BODY = YES;
				CLANG_WARN_ENUM_CONVERSION = YES;
				CLANG_WARN_INFINITE_RECURSION = YES;
				CLANG_WARN_INT_CONVERSION = YES;
				CLANG_WARN_NON_LITERAL_NULL_CONVERSION = YES;
				CLANG_WARN_OBJC_IMPLICIT_RETAIN_SELF = YES;
				CLANG_WARN_OBJC_LITERAL_CONVERSION = YES;
				CLANG_WARN_OBJC_ROOT_CLASS = YES_ERROR;
				CLANG_WARN_RANGE_LOOP_ANALYSIS = YES;
				CLANG_WARN_STRICT_PROTOTYPES = YES;
				CLANG_WARN_SUSPICIOUS_MOVE = YES;
				CLANG_WARN_UNGUARDED_AVAILABILITY = YES_AGGRESSIVE;
				CLANG_WARN_UNREACHABLE_CODE = YES;
				CLANG_WARN__DUPLICATE_METHOD_MATCH = YES;
				COPY_PHASE_STRIP = NO;
				DEBUG_INFORMATION_FORMAT = dwarf;
				ENABLE_STRICT_OBJC_MSGSEND = YES;
				ENABLE_TESTABILITY = YES;
				GCC_C_LANGUAGE_STANDARD = gnu11;
				GCC_DYNAMIC_NO_PIC = NO;
				GCC_NO_COMMON_BLOCKS = YES;
				GCC_OPTIMIZATION_LEVEL = 0;
				GCC_PREPROCESSOR_DEFINITIONS = (
					"DEBUG=1",
					"$(inherited)",
				);
				GCC_WARN_64_TO_32_BIT_CONVERSION = YES;
				GCC_WARN_ABOUT_RETURN_TYPE = YES_ERROR;
				GCC_WARN_UNDECLARED_SELECTOR = YES;
				GCC_WARN_UNINITIALIZED_AUTOS = YES_AGGRESSIVE;
				GCC_WARN_UNUSED_FUNCTION = YES;
				GCC_WARN_UNUSED_VARIABLE = YES;
				IPHONEOS_DEPLOYMENT_TARGET = 13.2;
				MTL_ENABLE_DEBUG_INFO = INCLUDE_SOURCE;
				MTL_FAST_MATH = YES;
				ONLY_ACTIVE_ARCH = YES;
				SDKROOT = iphoneos;
				SWIFT_ACTIVE_COMPILATION_CONDITIONS = DEBUG;
				SWIFT_OPTIMIZATION_LEVEL = "-Onone";
			};
			name = Debug;
		};
		948DDA42247C418B0065CF94 /* Release */ = {
			isa = XCBuildConfiguration;
			buildSettings = {
				ALWAYS_SEARCH_USER_PATHS = NO;
				CLANG_ANALYZER_NONNULL = YES;
				CLANG_ANALYZER_NUMBER_OBJECT_CONVERSION = YES_AGGRESSIVE;
				CLANG_CXX_LANGUAGE_STANDARD = "gnu++14";
				CLANG_CXX_LIBRARY = "libc++";
				CLANG_ENABLE_MODULES = YES;
				CLANG_ENABLE_OBJC_ARC = YES;
				CLANG_ENABLE_OBJC_WEAK = YES;
				CLANG_WARN_BLOCK_CAPTURE_AUTORELEASING = YES;
				CLANG_WARN_BOOL_CONVERSION = YES;
				CLANG_WARN_COMMA = YES;
				CLANG_WARN_CONSTANT_CONVERSION = YES;
				CLANG_WARN_DEPRECATED_OBJC_IMPLEMENTATIONS = YES;
				CLANG_WARN_DIRECT_OBJC_ISA_USAGE = YES_ERROR;
				CLANG_WARN_DOCUMENTATION_COMMENTS = YES;
				CLANG_WARN_EMPTY_BODY = YES;
				CLANG_WARN_ENUM_CONVERSION = YES;
				CLANG_WARN_INFINITE_RECURSION = YES;
				CLANG_WARN_INT_CONVERSION = YES;
				CLANG_WARN_NON_LITERAL_NULL_CONVERSION = YES;
				CLANG_WARN_OBJC_IMPLICIT_RETAIN_SELF = YES;
				CLANG_WARN_OBJC_LITERAL_CONVERSION = YES;
				CLANG_WARN_OBJC_ROOT_CLASS = YES_ERROR;
				CLANG_WARN_RANGE_LOOP_ANALYSIS = YES;
				CLANG_WARN_STRICT_PROTOTYPES = YES;
				CLANG_WARN_SUSPICIOUS_MOVE = YES;
				CLANG_WARN_UNGUARDED_AVAILABILITY = YES_AGGRESSIVE;
				CLANG_WARN_UNREACHABLE_CODE = YES;
				CLANG_WARN__DUPLICATE_METHOD_MATCH = YES;
				COPY_PHASE_STRIP = NO;
				DEBUG_INFORMATION_FORMAT = "dwarf-with-dsym";
				ENABLE_NS_ASSERTIONS = NO;
				ENABLE_STRICT_OBJC_MSGSEND = YES;
				GCC_C_LANGUAGE_STANDARD = gnu11;
				GCC_NO_COMMON_BLOCKS = YES;
				GCC_WARN_64_TO_32_BIT_CONVERSION = YES;
				GCC_WARN_ABOUT_RETURN_TYPE = YES_ERROR;
				GCC_WARN_UNDECLARED_SELECTOR = YES;
				GCC_WARN_UNINITIALIZED_AUTOS = YES_AGGRESSIVE;
				GCC_WARN_UNUSED_FUNCTION = YES;
				GCC_WARN_UNUSED_VARIABLE = YES;
				IPHONEOS_DEPLOYMENT_TARGET = 13.2;
				MTL_ENABLE_DEBUG_INFO = NO;
				MTL_FAST_MATH = YES;
				SDKROOT = iphoneos;
				SWIFT_COMPILATION_MODE = wholemodule;
				SWIFT_OPTIMIZATION_LEVEL = "-O";
				VALIDATE_PRODUCT = YES;
			};
			name = Release;
		};
		948DDA44247C418B0065CF94 /* Debug */ = {
			isa = XCBuildConfiguration;
			buildSettings = {
				ASSETCATALOG_COMPILER_APPICON_NAME = AppIcon;
				CODE_SIGN_STYLE = Automatic;
				DEVELOPMENT_TEAM = NM53AJJTQP;
				INFOPLIST_FILE = GemoetricShapes/Info.plist;
				LD_RUNPATH_SEARCH_PATHS = (
					"$(inherited)",
					"@executable_path/Frameworks",
				);
				PRODUCT_BUNDLE_IDENTIFIER = example.gmc.GemoetricShapes;
				PRODUCT_NAME = "$(TARGET_NAME)";
				SWIFT_VERSION = 5.0;
				TARGETED_DEVICE_FAMILY = "1,2";
			};
			name = Debug;
		};
		948DDA45247C418B0065CF94 /* Release */ = {
			isa = XCBuildConfiguration;
			buildSettings = {
				ASSETCATALOG_COMPILER_APPICON_NAME = AppIcon;
				CODE_SIGN_STYLE = Automatic;
				DEVELOPMENT_TEAM = NM53AJJTQP;
				INFOPLIST_FILE = GemoetricShapes/Info.plist;
				LD_RUNPATH_SEARCH_PATHS = (
					"$(inherited)",
					"@executable_path/Frameworks",
				);
				PRODUCT_BUNDLE_IDENTIFIER = example.gmc.GemoetricShapes;
				PRODUCT_NAME = "$(TARGET_NAME)";
				SWIFT_VERSION = 5.0;
				TARGETED_DEVICE_FAMILY = "1,2";
			};
			name = Release;
		};
/* End XCBuildConfiguration section */

/* Begin XCConfigurationList section */
		948DDA2A247C418A0065CF94 /* Build configuration list for PBXProject "GemoetricShapes" */ = {
			isa = XCConfigurationList;
			buildConfigurations = (
				948DDA41247C418B0065CF94 /* Debug */,
				948DDA42247C418B0065CF94 /* Release */,
			);
			defaultConfigurationIsVisible = 0;
			defaultConfigurationName = Release;
		};
		948DDA43247C418B0065CF94 /* Build configuration list for PBXNativeTarget "GemoetricShapes" */ = {
			isa = XCConfigurationList;
			buildConfigurations = (
				948DDA44247C418B0065CF94 /* Debug */,
				948DDA45247C418B0065CF94 /* Release */,
			);
			defaultConfigurationIsVisible = 0;
			defaultConfigurationName = Release;
		};
/* End XCConfigurationList section */
	};
	rootObject = 948DDA27247C418A0065CF94 /* Project object */;
}
